// !$*UTF8*$!
{
	archiveVersion = 1;
	classes = {
	};
	objectVersion = 46;
	objects = {

/* Begin PBXBuildFile section */
		094B92AD1C49FD4000B75A49 /* PlaySoundViewController.swift in Sources */ = {isa = PBXBuildFile; fileRef = 094B92AC1C49FD4000B75A49 /* PlaySoundViewController.swift */; };
		099E261D1C4A9096009A86CB /* movie_quote.mp3 in Resources */ = {isa = PBXBuildFile; fileRef = 099E261C1C4A9096009A86CB /* movie_quote.mp3 */; };
		099E261F1C4AB49A009A86CB /* RecordedAudio.swift in Sources */ = {isa = PBXBuildFile; fileRef = 099E261E1C4AB49A009A86CB /* RecordedAudio.swift */; };
		09EC5B201C49A9CF006A1B8B /* AppDelegate.swift in Sources */ = {isa = PBXBuildFile; fileRef = 09EC5B1F1C49A9CF006A1B8B /* AppDelegate.swift */; };
		09EC5B221C49A9CF006A1B8B /* RecordSoundController.swift in Sources */ = {isa = PBXBuildFile; fileRef = 09EC5B211C49A9CF006A1B8B /* RecordSoundController.swift */; };
		09EC5B251C49A9CF006A1B8B /* Main.storyboard in Resources */ = {isa = PBXBuildFile; fileRef = 09EC5B231C49A9CF006A1B8B /* Main.storyboard */; };
		09EC5B271C49A9CF006A1B8B /* Images.xcassets in Resources */ = {isa = PBXBuildFile; fileRef = 09EC5B261C49A9CF006A1B8B /* Images.xcassets */; };
		09EC5B2A1C49A9CF006A1B8B /* LaunchScreen.xib in Resources */ = {isa = PBXBuildFile; fileRef = 09EC5B281C49A9CF006A1B8B /* LaunchScreen.xib */; };
		09EC5B361C49A9CF006A1B8B /* Perfect_PitchTests.swift in Sources */ = {isa = PBXBuildFile; fileRef = 09EC5B351C49A9CF006A1B8B /* Perfect_PitchTests.swift */; };
/* End PBXBuildFile section */

/* Begin PBXContainerItemProxy section */
		09EC5B301C49A9CF006A1B8B /* PBXContainerItemProxy */ = {
			isa = PBXContainerItemProxy;
			containerPortal = 09EC5B121C49A9CF006A1B8B /* Project object */;
			proxyType = 1;
			remoteGlobalIDString = 09EC5B191C49A9CF006A1B8B;
			remoteInfo = "Perfect Pitch";
		};
/* End PBXContainerItemProxy section */

/* Begin PBXFileReference section */
		094B92AC1C49FD4000B75A49 /* PlaySoundViewController.swift */ = {isa = PBXFileReference; fileEncoding = 4; lastKnownFileType = sourcecode.swift; path = PlaySoundViewController.swift; sourceTree = "<group>"; };
		099E261C1C4A9096009A86CB /* movie_quote.mp3 */ = {isa = PBXFileReference; lastKnownFileType = audio.mp3; path = movie_quote.mp3; sourceTree = "<group>"; };
		099E261E1C4AB49A009A86CB /* RecordedAudio.swift */ = {isa = PBXFileReference; fileEncoding = 4; lastKnownFileType = sourcecode.swift; name = RecordedAudio.swift; path = ../RecordedAudio.swift; sourceTree = "<group>"; };
		09EC5B1A1C49A9CF006A1B8B /* Perfect Pitch.app */ = {isa = PBXFileReference; explicitFileType = wrapper.application; includeInIndex = 0; path = "Perfect Pitch.app"; sourceTree = BUILT_PRODUCTS_DIR; };
		09EC5B1E1C49A9CF006A1B8B /* Info.plist */ = {isa = PBXFileReference; lastKnownFileType = text.plist.xml; path = Info.plist; sourceTree = "<group>"; };
		09EC5B1F1C49A9CF006A1B8B /* AppDelegate.swift */ = {isa = PBXFileReference; lastKnownFileType = sourcecode.swift; path = AppDelegate.swift; sourceTree = "<group>"; };
		09EC5B211C49A9CF006A1B8B /* RecordSoundController.swift */ = {isa = PBXFileReference; lastKnownFileType = sourcecode.swift; path = RecordSoundController.swift; sourceTree = "<group>"; };
		09EC5B241C49A9CF006A1B8B /* Base */ = {isa = PBXFileReference; lastKnownFileType = file.storyboard; name = Base; path = Base.lproj/Main.storyboard; sourceTree = "<group>"; };
		09EC5B261C49A9CF006A1B8B /* Images.xcassets */ = {isa = PBXFileReference; lastKnownFileType = folder.assetcatalog; path = Images.xcassets; sourceTree = "<group>"; };
		09EC5B291C49A9CF006A1B8B /* Base */ = {isa = PBXFileReference; lastKnownFileType = file.xib; name = Base; path = Base.lproj/LaunchScreen.xib; sourceTree = "<group>"; };
		09EC5B2F1C49A9CF006A1B8B /* Perfect PitchTests.xctest */ = {isa = PBXFileReference; explicitFileType = wrapper.cfbundle; includeInIndex = 0; path = "Perfect PitchTests.xctest"; sourceTree = BUILT_PRODUCTS_DIR; };
		09EC5B341C49A9CF006A1B8B /* Info.plist */ = {isa = PBXFileReference; lastKnownFileType = text.plist.xml; path = Info.plist; sourceTree = "<group>"; };
		09EC5B351C49A9CF006A1B8B /* Perfect_PitchTests.swift */ = {isa = PBXFileReference; lastKnownFileType = sourcecode.swift; path = Perfect_PitchTests.swift; sourceTree = "<group>"; };
/* End PBXFileReference section */

/* Begin PBXFrameworksBuildPhase section */
		09EC5B171C49A9CF006A1B8B /* Frameworks */ = {
			isa = PBXFrameworksBuildPhase;
			buildActionMask = 2147483647;
			files = (
			);
			runOnlyForDeploymentPostprocessing = 0;
		};
		09EC5B2C1C49A9CF006A1B8B /* Frameworks */ = {
			isa = PBXFrameworksBuildPhase;
			buildActionMask = 2147483647;
			files = (
			);
			runOnlyForDeploymentPostprocessing = 0;
		};
/* End PBXFrameworksBuildPhase section */

/* Begin PBXGroup section */
		09EC5B111C49A9CF006A1B8B = {
			isa = PBXGroup;
			children = (
				09EC5B1C1C49A9CF006A1B8B /* Perfect Pitch */,
				09EC5B321C49A9CF006A1B8B /* Perfect PitchTests */,
				09EC5B1B1C49A9CF006A1B8B /* Products */,
			);
			sourceTree = "<group>";
		};
		09EC5B1B1C49A9CF006A1B8B /* Products */ = {
			isa = PBXGroup;
			children = (
				09EC5B1A1C49A9CF006A1B8B /* Perfect Pitch.app */,
				09EC5B2F1C49A9CF006A1B8B /* Perfect PitchTests.xctest */,
			);
			name = Products;
			sourceTree = "<group>";
		};
		09EC5B1C1C49A9CF006A1B8B /* Perfect Pitch */ = {
			isa = PBXGroup;
			children = (
				099E261E1C4AB49A009A86CB /* RecordedAudio.swift */,
				09EC5B1F1C49A9CF006A1B8B /* AppDelegate.swift */,
				09EC5B211C49A9CF006A1B8B /* RecordSoundController.swift */,
				09EC5B231C49A9CF006A1B8B /* Main.storyboard */,
				094B92AC1C49FD4000B75A49 /* PlaySoundViewController.swift */,
				09EC5B261C49A9CF006A1B8B /* Images.xcassets */,
				09EC5B281C49A9CF006A1B8B /* LaunchScreen.xib */,
				09EC5B1D1C49A9CF006A1B8B /* Supporting Files */,
			);
			path = "Perfect Pitch";
			sourceTree = "<group>";
		};
		09EC5B1D1C49A9CF006A1B8B /* Supporting Files */ = {
			isa = PBXGroup;
			children = (
				099E261C1C4A9096009A86CB /* movie_quote.mp3 */,
				09EC5B1E1C49A9CF006A1B8B /* Info.plist */,
			);
			name = "Supporting Files";
			sourceTree = "<group>";
		};
		09EC5B321C49A9CF006A1B8B /* Perfect PitchTests */ = {
			isa = PBXGroup;
			children = (
				09EC5B351C49A9CF006A1B8B /* Perfect_PitchTests.swift */,
				09EC5B331C49A9CF006A1B8B /* Supporting Files */,
			);
			path = "Perfect PitchTests";
			sourceTree = "<group>";
		};
		09EC5B331C49A9CF006A1B8B /* Supporting Files */ = {
			isa = PBXGroup;
			children = (
				09EC5B341C49A9CF006A1B8B /* Info.plist */,
			);
			name = "Supporting Files";
			sourceTree = "<group>";
		};
/* End PBXGroup section */

/* Begin PBXNativeTarget section */
		09EC5B191C49A9CF006A1B8B /* Perfect Pitch */ = {
			isa = PBXNativeTarget;
			buildConfigurationList = 09EC5B391C49A9CF006A1B8B /* Build configuration list for PBXNativeTarget "Perfect Pitch" */;
			buildPhases = (
				09EC5B161C49A9CF006A1B8B /* Sources */,
				09EC5B171C49A9CF006A1B8B /* Frameworks */,
				09EC5B181C49A9CF006A1B8B /* Resources */,
			);
			buildRules = (
			);
			dependencies = (
			);
			name = "Perfect Pitch";
			productName = "Perfect Pitch";
			productReference = 09EC5B1A1C49A9CF006A1B8B /* Perfect Pitch.app */;
			productType = "com.apple.product-type.application";
		};
		09EC5B2E1C49A9CF006A1B8B /* Perfect PitchTests */ = {
			isa = PBXNativeTarget;
			buildConfigurationList = 09EC5B3C1C49A9CF006A1B8B /* Build configuration list for PBXNativeTarget "Perfect PitchTests" */;
			buildPhases = (
				09EC5B2B1C49A9CF006A1B8B /* Sources */,
				09EC5B2C1C49A9CF006A1B8B /* Frameworks */,
				09EC5B2D1C49A9CF006A1B8B /* Resources */,
			);
			buildRules = (
			);
			dependencies = (
				09EC5B311C49A9CF006A1B8B /* PBXTargetDependency */,
			);
			name = "Perfect PitchTests";
			productName = "Perfect PitchTests";
			productReference = 09EC5B2F1C49A9CF006A1B8B /* Perfect PitchTests.xctest */;
			productType = "com.apple.product-type.bundle.unit-test";
		};
/* End PBXNativeTarget section */

/* Begin PBXProject section */
		09EC5B121C49A9CF006A1B8B /* Project object */ = {
			isa = PBXProject;
			attributes = {
				LastSwiftMigration = 0720;
				LastSwiftUpdateCheck = 0720;
				LastUpgradeCheck = 0720;
				ORGANIZATIONNAME = "Yusong Shen";
				TargetAttributes = {
					09EC5B191C49A9CF006A1B8B = {
						CreatedOnToolsVersion = 6.4;
					};
					09EC5B2E1C49A9CF006A1B8B = {
						CreatedOnToolsVersion = 6.4;
						TestTargetID = 09EC5B191C49A9CF006A1B8B;
					};
				};
			};
			buildConfigurationList = 09EC5B151C49A9CF006A1B8B /* Build configuration list for PBXProject "Perfect Pitch" */;
			compatibilityVersion = "Xcode 3.2";
			developmentRegion = English;
			hasScannedForEncodings = 0;
			knownRegions = (
				en,
				Base,
			);
			mainGroup = 09EC5B111C49A9CF006A1B8B;
			productRefGroup = 09EC5B1B1C49A9CF006A1B8B /* Products */;
			projectDirPath = "";
			projectRoot = "";
			targets = (
				09EC5B191C49A9CF006A1B8B /* Perfect Pitch */,
				09EC5B2E1C49A9CF006A1B8B /* Perfect PitchTests */,
			);
		};
/* End PBXProject section */

/* Begin PBXResourcesBuildPhase section */
		09EC5B181C49A9CF006A1B8B /* Resources */ = {
			isa = PBXResourcesBuildPhase;
			buildActionMask = 2147483647;
			files = (
				09EC5B251C49A9CF006A1B8B /* Main.storyboard in Resources */,
				09EC5B2A1C49A9CF006A1B8B /* LaunchScreen.xib in Resources */,
				099E261D1C4A9096009A86CB /* movie_quote.mp3 in Resources */,
				09EC5B271C49A9CF006A1B8B /* Images.xcassets in Resources */,
			);
			runOnlyForDeploymentPostprocessing = 0;
		};
		09EC5B2D1C49A9CF006A1B8B /* Resources */ = {
			isa = PBXResourcesBuildPhase;
			buildActionMask = 2147483647;
			files = (
			);
			runOnlyForDeploymentPostprocessing = 0;
		};
/* End PBXResourcesBuildPhase section */

/* Begin PBXSourcesBuildPhase section */
		09EC5B161C49A9CF006A1B8B /* Sources */ = {
			isa = PBXSourcesBuildPhase;
			buildActionMask = 2147483647;
			files = (
				099E261F1C4AB49A009A86CB /* RecordedAudio.swift in Sources */,
				09EC5B221C49A9CF006A1B8B /* RecordSoundController.swift in Sources */,
				094B92AD1C49FD4000B75A49 /* PlaySoundViewController.swift in Sources */,
				09EC5B201C49A9CF006A1B8B /* AppDelegate.swift in Sources */,
			);
			runOnlyForDeploymentPostprocessing = 0;
		};
		09EC5B2B1C49A9CF006A1B8B /* Sources */ = {
			isa = PBXSourcesBuildPhase;
			buildActionMask = 2147483647;
			files = (
				09EC5B361C49A9CF006A1B8B /* Perfect_PitchTests.swift in Sources */,
			);
			runOnlyForDeploymentPostprocessing = 0;
		};
/* End PBXSourcesBuildPhase section */

/* Begin PBXTargetDependency section */
		09EC5B311C49A9CF006A1B8B /* PBXTargetDependency */ = {
			isa = PBXTargetDependency;
			target = 09EC5B191C49A9CF006A1B8B /* Perfect Pitch */;
			targetProxy = 09EC5B301C49A9CF006A1B8B /* PBXContainerItemProxy */;
		};
/* End PBXTargetDependency section */

/* Begin PBXVariantGroup section */
		09EC5B231C49A9CF006A1B8B /* Main.storyboard */ = {
			isa = PBXVariantGroup;
			children = (
				09EC5B241C49A9CF006A1B8B /* Base */,
			);
			name = Main.storyboard;
			sourceTree = "<group>";
		};
		09EC5B281C49A9CF006A1B8B /* LaunchScreen.xib */ = {
			isa = PBXVariantGroup;
			children = (
				09EC5B291C49A9CF006A1B8B /* Base */,
			);
			name = LaunchScreen.xib;
			sourceTree = "<group>";
		};
/* End PBXVariantGroup section */

/* Begin XCBuildConfiguration section */
		09EC5B371C49A9CF006A1B8B /* Debug */ = {
			isa = XCBuildConfiguration;
			buildSettings = {
				ALWAYS_SEARCH_USER_PATHS = NO;
				CLANG_CXX_LANGUAGE_STANDARD = "gnu++0x";
				CLANG_CXX_LIBRARY = "libc++";
				CLANG_ENABLE_MODULES = YES;
				CLANG_ENABLE_OBJC_ARC = YES;
				CLANG_WARN_BOOL_CONVERSION = YES;
				CLANG_WARN_CONSTANT_CONVERSION = YES;
				CLANG_WARN_DIRECT_OBJC_ISA_USAGE = YES_ERROR;
				CLANG_WARN_EMPTY_BODY = YES;
				CLANG_WARN_ENUM_CONVERSION = YES;
				CLANG_WARN_INT_CONVERSION = YES;
				CLANG_WARN_OBJC_ROOT_CLASS = YES_ERROR;
				CLANG_WARN_UNREACHABLE_CODE = YES;
				CLANG_WARN__DUPLICATE_METHOD_MATCH = YES;
				"CODE_SIGN_IDENTITY[sdk=iphoneos*]" = "iPhone Developer";
				COPY_PHASE_STRIP = NO;
				DEBUG_INFORMATION_FORMAT = "dwarf-with-dsym";
				ENABLE_STRICT_OBJC_MSGSEND = YES;
				ENABLE_TESTABILITY = YES;
				GCC_C_LANGUAGE_STANDARD = gnu99;
				GCC_DYNAMIC_NO_PIC = NO;
				GCC_NO_COMMON_BLOCKS = YES;
				GCC_OPTIMIZATION_LEVEL = 0;
				GCC_PREPROCESSOR_DEFINITIONS = (
					"DEBUG=1",
					"$(inherited)",
				);
				GCC_SYMBOLS_PRIVATE_EXTERN = NO;
				GCC_WARN_64_TO_32_BIT_CONVERSION = YES;
				GCC_WARN_ABOUT_RETURN_TYPE = YES_ERROR;
				GCC_WARN_UNDECLARED_SELECTOR = YES;
				GCC_WARN_UNINITIALIZED_AUTOS = YES_AGGRESSIVE;
				GCC_WARN_UNUSED_FUNCTION = YES;
				GCC_WARN_UNUSED_VARIABLE = YES;
				IPHONEOS_DEPLOYMENT_TARGET = 8.4;
				MTL_ENABLE_DEBUG_INFO = YES;
				ONLY_ACTIVE_ARCH = YES;
				SDKROOT = iphoneos;
				SWIFT_OPTIMIZATION_LEVEL = "-Onone";
			};
			name = Debug;
		};
		09EC5B381C49A9CF006A1B8B /* Release */ = {
			isa = XCBuildConfiguration;
			buildSettings = {
				ALWAYS_SEARCH_USER_PATHS = NO;
				CLANG_CXX_LANGUAGE_STANDARD = "gnu++0x";
				CLANG_CXX_LIBRARY = "libc++";
				CLANG_ENABLE_MODULES = YES;
				CLANG_ENABLE_OBJC_ARC = YES;
				CLANG_WARN_BOOL_CONVERSION = YES;
				CLANG_WARN_CONSTANT_CONVERSION = YES;
				CLANG_WARN_DIRECT_OBJC_ISA_USAGE = YES_ERROR;
				CLANG_WARN_EMPTY_BODY = YES;
				CLANG_WARN_ENUM_CONVERSION = YES;
				CLANG_WARN_INT_CONVERSION = YES;
				CLANG_WARN_OBJC_ROOT_CLASS = YES_ERROR;
				CLANG_WARN_UNREACHABLE_CODE = YES;
				CLANG_WARN__DUPLICATE_METHOD_MATCH = YES;
				"CODE_SIGN_IDENTITY[sdk=iphoneos*]" = "iPhone Developer";
				COPY_PHASE_STRIP = NO;
				DEBUG_INFORMATION_FORMAT = "dwarf-with-dsym";
				ENABLE_NS_ASSERTIONS = NO;
				ENABLE_STRICT_OBJC_MSGSEND = YES;
				GCC_C_LANGUAGE_STANDARD = gnu99;
				GCC_NO_COMMON_BLOCKS = YES;
				GCC_WARN_64_TO_32_BIT_CONVERSION = YES;
				GCC_WARN_ABOUT_RETURN_TYPE = YES_ERROR;
				GCC_WARN_UNDECLARED_SELECTOR = YES;
				GCC_WARN_UNINITIALIZED_AUTOS = YES_AGGRESSIVE;
				GCC_WARN_UNUSED_FUNCTION = YES;
				GCC_WARN_UNUSED_VARIABLE = YES;
				IPHONEOS_DEPLOYMENT_TARGET = 8.4;
				MTL_ENABLE_DEBUG_INFO = NO;
				SDKROOT = iphoneos;
				VALIDATE_PRODUCT = YES;
			};
			name = Release;
		};
		09EC5B3A1C49A9CF006A1B8B /* Debug */ = {
			isa = XCBuildConfiguration;
			buildSettings = {
				ASSETCATALOG_COMPILER_APPICON_NAME = AppIcon;
				INFOPLIST_FILE = "Perfect Pitch/Info.plist";
				LD_RUNPATH_SEARCH_PATHS = "$(inherited) @executable_path/Frameworks";
				PRODUCT_BUNDLE_IDENTIFIER = "yusong-shen.github.io.$(PRODUCT_NAME:rfc1034identifier)";
				PRODUCT_NAME = "$(TARGET_NAME)";
			};
			name = Debug;
		};
		09EC5B3B1C49A9CF006A1B8B /* Release */ = {
			isa = XCBuildConfiguration;
			buildSettings = {
				ASSETCATALOG_COMPILER_APPICON_NAME = AppIcon;
				INFOPLIST_FILE = "Perfect Pitch/Info.plist";
				LD_RUNPATH_SEARCH_PATHS = "$(inherited) @executable_path/Frameworks";
				PRODUCT_BUNDLE_IDENTIFIER = "yusong-shen.github.io.$(PRODUCT_NAME:rfc1034identifier)";
				PRODUCT_NAME = "$(TARGET_NAME)";
			};
			name = Release;
		};
		09EC5B3D1C49A9CF006A1B8B /* Debug */ = {
			isa = XCBuildConfiguration;
			buildSettings = {
				BUNDLE_LOADER = "$(TEST_HOST)";
				FRAMEWORK_SEARCH_PATHS = (
					"$(SDKROOT)/Developer/Library/Frameworks",
					"$(inherited)",
				);
				GCC_PREPROCESSOR_DEFINITIONS = (
					"DEBUG=1",
					"$(inherited)",
				);
				INFOPLIST_FILE = "Perfect PitchTests/Info.plist";
				LD_RUNPATH_SEARCH_PATHS = "$(inherited) @executable_path/Frameworks @loader_path/Frameworks";
				PRODUCT_BUNDLE_IDENTIFIER = "yusong-shen.github.io.$(PRODUCT_NAME:rfc1034identifier)";
				PRODUCT_NAME = "$(TARGET_NAME)";
				TEST_HOST = "$(BUILT_PRODUCTS_DIR)/Perfect Pitch.app/Perfect Pitch";
			};
			name = Debug;
		};
		09EC5B3E1C49A9CF006A1B8B /* Release */ = {
			isa = XCBuildConfiguration;
			buildSettings = {
				BUNDLE_LOADER = "$(TEST_HOST)";
				FRAMEWORK_SEARCH_PATHS = (
					"$(SDKROOT)/Developer/Library/Frameworks",
					"$(inherited)",
				);
				INFOPLIST_FILE = "Perfect PitchTests/Info.plist";
				LD_RUNPATH_SEARCH_PATHS = "$(inherited) @executable_path/Frameworks @loader_path/Frameworks";
				PRODUCT_BUNDLE_IDENTIFIER = "yusong-shen.github.io.$(PRODUCT_NAME:rfc1034identifier)";
				PRODUCT_NAME = "$(TARGET_NAME)";
				TEST_HOST = "$(BUILT_PRODUCTS_DIR)/Perfect Pitch.app/Perfect Pitch";
			};
			name = Release;
		};
/* End XCBuildConfiguration section */

/* Begin XCConfigurationList section */
		09EC5B151C49A9CF006A1B8B /* Build configuration list for PBXProject "Perfect Pitch" */ = {
			isa = XCConfigurationList;
			buildConfigurations = (
				09EC5B371C49A9CF006A1B8B /* Debug */,
				09EC5B381C49A9CF006A1B8B /* Release */,
			);
			defaultConfigurationIsVisible = 0;
			defaultConfigurationName = Release;
		};
		09EC5B391C49A9CF006A1B8B /* Build configuration list for PBXNativeTarget "Perfect Pitch" */ = {
			isa = XCConfigurationList;
			buildConfigurations = (
				09EC5B3A1C49A9CF006A1B8B /* Debug */,
				09EC5B3B1C49A9CF006A1B8B /* Release */,
			);
			defaultConfigurationIsVisible = 0;
			defaultConfigurationName = Release;
		};
		09EC5B3C1C49A9CF006A1B8B /* Build configuration list for PBXNativeTarget "Perfect PitchTests" */ = {
			isa = XCConfigurationList;
			buildConfigurations = (
				09EC5B3D1C49A9CF006A1B8B /* Debug */,
				09EC5B3E1C49A9CF006A1B8B /* Release */,
			);
			defaultConfigurationIsVisible = 0;
			defaultConfigurationName = Release;
		};
/* End XCConfigurationList section */
	};
	rootObject = 09EC5B121C49A9CF006A1B8B /* Project object */;
}
